
Microsoft Visual Studio Solution File, Format Version 12.00
# Visual Studio Version 16
VisualStudioVersion = 16.0.31105.61
MinimumVisualStudioVersion = 10.0.40219.1
Project("{FAE04EC0-301F-11D3-BF4B-00C04F79EFBC}") = "WebApplication1", "WebApplication1\WebApplication1.csproj", "{6A96099E-F39A-4835-8027-C1551244FAFE}"
EndProject
Global
	GlobalSection(SolutionConfigurationPlatforms) = preSolution
		Debug|Any CPU = Debug|Any CPU
		Release|Any CPU = Release|Any CPU
	EndGlobalSection
	GlobalSection(ProjectConfigurationPlatforms) = postSolution
		{6A96099E-F39A-4835-8027-C1551244FAFE}.Debug|Any CPU.ActiveCfg = Debug|Any CPU
		{6A96099E-F39A-4835-8027-C1551244FAFE}.Debug|Any CPU.Build.0 = Debug|Any CPU
		{6A96099E-F39A-4835-8027-C1551244FAFE}.Release|Any CPU.ActiveCfg = Release|Any CPU
		{6A96099E-F39A-4835-8027-C1551244FAFE}.Release|Any CPU.Build.0 = Release|Any CPU
	EndGlobalSection
	GlobalSection(SolutionProperties) = preSolution
		HideSolutionNode = FALSE
	EndGlobalSection
	GlobalSection(ExtensibilityGlobals) = postSolution
		SolutionGuid = {1680F1EA-EBF3-4110-99BF-5F4E8516ED1C}
	EndGlobalSection
EndGlobal
